
Microsoft Visual Studio Solution File, Format Version 12.00
# Visual Studio Version 17
VisualStudioVersion = 17.5.33530.505
MinimumVisualStudioVersion = 10.0.40219.1
Project("{9A19103F-16F7-4668-BE54-9A1E7A4F7556}") = "UsuariosAPI", "UsuariosAPI\UsuariosAPI.csproj", "{13FF2509-03B5-446B-A7EF-7C20E0A8A1F7}"
EndProject
Global
	GlobalSection(SolutionConfigurationPlatforms) = preSolution
		Debug|Any CPU = Debug|Any CPU
		Release|Any CPU = Release|Any CPU
	EndGlobalSection
	GlobalSection(ProjectConfigurationPlatforms) = postSolution
		{13FF2509-03B5-446B-A7EF-7C20E0A8A1F7}.Debug|Any CPU.ActiveCfg = Debug|Any CPU
		{13FF2509-03B5-446B-A7EF-7C20E0A8A1F7}.Debug|Any CPU.Build.0 = Debug|Any CPU
		{13FF2509-03B5-446B-A7EF-7C20E0A8A1F7}.Release|Any CPU.ActiveCfg = Release|Any CPU
		{13FF2509-03B5-446B-A7EF-7C20E0A8A1F7}.Release|Any CPU.Build.0 = Release|Any CPU
	EndGlobalSection
	GlobalSection(SolutionProperties) = preSolution
		HideSolutionNode = FALSE
	EndGlobalSection
	GlobalSection(ExtensibilityGlobals) = postSolution
		SolutionGuid = {EA4D4E1A-B170-477B-9270-4F188F2795E3}
	EndGlobalSection
EndGlobal
